
Microsoft Visual Studio Solution File, Format Version 12.00
# Visual Studio Version 17
VisualStudioVersion = 17.0.31903.59
MinimumVisualStudioVersion = 10.0.40219.1
Project("{2150E333-8FDC-42A3-9474-1A3956D46DE8}") = "src", "src", "{827E0CD3-B72D-47B6-A68D-7590B98EB39B}"
EndProject
Project("{FAE04EC0-301F-11D3-BF4B-00C04F79EFBC}") = "Domain", "src\Domain\Domain.csproj", "{FD85348D-34D9-4B70-B06B-9DA70B8BE190}"
EndProject
Project("{FAE04EC0-301F-11D3-BF4B-00C04F79EFBC}") = "Application", "src\Application\Application.csproj", "{61DCAE95-7E33-4079-B0EB-15893EE4F62D}"
EndProject
Project("{FAE04EC0-301F-11D3-BF4B-00C04F79EFBC}") = "Infrastructure", "src\Infrastructure\Infrastructure.csproj", "{6A7880E0-99B2-4B8A-A4BD-6DC57FCF37BF}"
EndProject
Project("{FAE04EC0-301F-11D3-BF4B-00C04F79EFBC}") = "Presentation", "src\Presentation\Presentation.csproj", "{01CE86AA-6259-4A9B-A1C2-C5EB0F2A0BEC}"
EndProject
Project("{2150E333-8FDC-42A3-9474-1A3956D46DE8}") = "tests", "tests", "{0AB3BF05-4346-4AA6-1389-037BE0695223}"
EndProject
Project("{FAE04EC0-301F-11D3-BF4B-00C04F79EFBC}") = "Application.CodeStyleTests", "tests\Application.CodeStyleTests\Application.CodeStyleTests.csproj", "{6825E648-24BB-4166-A884-F824AFD3C09A}"
EndProject
Project("{FAE04EC0-301F-11D3-BF4B-00C04F79EFBC}") = "Application.UnitTests", "tests\Application.UnitTests\Application.UnitTests.csproj", "{17A0F51F-CD18-4023-83E4-71168B700D8A}"
EndProject
Project("{FAE04EC0-301F-11D3-BF4B-00C04F79EFBC}") = "Application.FunctionalTests", "tests\Application.FunctionalTests\Application.FunctionalTests.csproj", "{264B05CB-CDCB-4DED-8AD5-06E31D8C4B83}"
EndProject
Global
	GlobalSection(SolutionConfigurationPlatforms) = preSolution
		Debug|Any CPU = Debug|Any CPU
		Debug|x64 = Debug|x64
		Debug|x86 = Debug|x86
		Release|Any CPU = Release|Any CPU
		Release|x64 = Release|x64
		Release|x86 = Release|x86
	EndGlobalSection
	GlobalSection(ProjectConfigurationPlatforms) = postSolution
		{FD85348D-34D9-4B70-B06B-9DA70B8BE190}.Debug|Any CPU.ActiveCfg = Debug|Any CPU
		{FD85348D-34D9-4B70-B06B-9DA70B8BE190}.Debug|Any CPU.Build.0 = Debug|Any CPU
		{FD85348D-34D9-4B70-B06B-9DA70B8BE190}.Debug|x64.ActiveCfg = Debug|Any CPU
		{FD85348D-34D9-4B70-B06B-9DA70B8BE190}.Debug|x64.Build.0 = Debug|Any CPU
		{FD85348D-34D9-4B70-B06B-9DA70B8BE190}.Debug|x86.ActiveCfg = Debug|Any CPU
		{FD85348D-34D9-4B70-B06B-9DA70B8BE190}.Debug|x86.Build.0 = Debug|Any CPU
		{FD85348D-34D9-4B70-B06B-9DA70B8BE190}.Release|Any CPU.ActiveCfg = Release|Any CPU
		{FD85348D-34D9-4B70-B06B-9DA70B8BE190}.Release|Any CPU.Build.0 = Release|Any CPU
		{FD85348D-34D9-4B70-B06B-9DA70B8BE190}.Release|x64.ActiveCfg = Release|Any CPU
		{FD85348D-34D9-4B70-B06B-9DA70B8BE190}.Release|x64.Build.0 = Release|Any CPU
		{FD85348D-34D9-4B70-B06B-9DA70B8BE190}.Release|x86.ActiveCfg = Release|Any CPU
		{FD85348D-34D9-4B70-B06B-9DA70B8BE190}.Release|x86.Build.0 = Release|Any CPU
		{61DCAE95-7E33-4079-B0EB-15893EE4F62D}.Debug|Any CPU.ActiveCfg = Debug|Any CPU
		{61DCAE95-7E33-4079-B0EB-15893EE4F62D}.Debug|Any CPU.Build.0 = Debug|Any CPU
		{61DCAE95-7E33-4079-B0EB-15893EE4F62D}.Debug|x64.ActiveCfg = Debug|Any CPU
		{61DCAE95-7E33-4079-B0EB-15893EE4F62D}.Debug|x64.Build.0 = Debug|Any CPU
		{61DCAE95-7E33-4079-B0EB-15893EE4F62D}.Debug|x86.ActiveCfg = Debug|Any CPU
		{61DCAE95-7E33-4079-B0EB-15893EE4F62D}.Debug|x86.Build.0 = Debug|Any CPU
		{61DCAE95-7E33-4079-B0EB-15893EE4F62D}.Release|Any CPU.ActiveCfg = Release|Any CPU
		{61DCAE95-7E33-4079-B0EB-15893EE4F62D}.Release|Any CPU.Build.0 = Release|Any CPU
		{61DCAE95-7E33-4079-B0EB-15893EE4F62D}.Release|x64.ActiveCfg = Release|Any CPU
		{61DCAE95-7E33-4079-B0EB-15893EE4F62D}.Release|x64.Build.0 = Release|Any CPU
		{61DCAE95-7E33-4079-B0EB-15893EE4F62D}.Release|x86.ActiveCfg = Release|Any CPU
		{61DCAE95-7E33-4079-B0EB-15893EE4F62D}.Release|x86.Build.0 = Release|Any CPU
		{6A7880E0-99B2-4B8A-A4BD-6DC57FCF37BF}.Debug|Any CPU.ActiveCfg = Debug|Any CPU
		{6A7880E0-99B2-4B8A-A4BD-6DC57FCF37BF}.Debug|Any CPU.Build.0 = Debug|Any CPU
		{6A7880E0-99B2-4B8A-A4BD-6DC57FCF37BF}.Debug|x64.ActiveCfg = Debug|Any CPU
		{6A7880E0-99B2-4B8A-A4BD-6DC57FCF37BF}.Debug|x64.Build.0 = Debug|Any CPU
		{6A7880E0-99B2-4B8A-A4BD-6DC57FCF37BF}.Debug|x86.ActiveCfg = Debug|Any CPU
		{6A7880E0-99B2-4B8A-A4BD-6DC57FCF37BF}.Debug|x86.Build.0 = Debug|Any CPU
		{6A7880E0-99B2-4B8A-A4BD-6DC57FCF37BF}.Release|Any CPU.ActiveCfg = Release|Any CPU
		{6A7880E0-99B2-4B8A-A4BD-6DC57FCF37BF}.Release|Any CPU.Build.0 = Release|Any CPU
		{6A7880E0-99B2-4B8A-A4BD-6DC57FCF37BF}.Release|x64.ActiveCfg = Release|Any CPU
		{6A7880E0-99B2-4B8A-A4BD-6DC57FCF37BF}.Release|x64.Build.0 = Release|Any CPU
		{6A7880E0-99B2-4B8A-A4BD-6DC57FCF37BF}.Release|x86.ActiveCfg = Release|Any CPU
		{6A7880E0-99B2-4B8A-A4BD-6DC57FCF37BF}.Release|x86.Build.0 = Release|Any CPU
		{01CE86AA-6259-4A9B-A1C2-C5EB0F2A0BEC}.Debug|Any CPU.ActiveCfg = Debug|Any CPU
		{01CE86AA-6259-4A9B-A1C2-C5EB0F2A0BEC}.Debug|Any CPU.Build.0 = Debug|Any CPU
		{01CE86AA-6259-4A9B-A1C2-C5EB0F2A0BEC}.Debug|x64.ActiveCfg = Debug|Any CPU
		{01CE86AA-6259-4A9B-A1C2-C5EB0F2A0BEC}.Debug|x64.Build.0 = Debug|Any CPU
		{01CE86AA-6259-4A9B-A1C2-C5EB0F2A0BEC}.Debug|x86.ActiveCfg = Debug|Any CPU
		{01CE86AA-6259-4A9B-A1C2-C5EB0F2A0BEC}.Debug|x86.Build.0 = Debug|Any CPU
		{01CE86AA-6259-4A9B-A1C2-C5EB0F2A0BEC}.Release|Any CPU.ActiveCfg = Release|Any CPU
		{01CE86AA-6259-4A9B-A1C2-C5EB0F2A0BEC}.Release|Any CPU.Build.0 = Release|Any CPU
		{01CE86AA-6259-4A9B-A1C2-C5EB0F2A0BEC}.Release|x64.ActiveCfg = Release|Any CPU
		{01CE86AA-6259-4A9B-A1C2-C5EB0F2A0BEC}.Release|x64.Build.0 = Release|Any CPU
		{01CE86AA-6259-4A9B-A1C2-C5EB0F2A0BEC}.Release|x86.ActiveCfg = Release|Any CPU
		{01CE86AA-6259-4A9B-A1C2-C5EB0F2A0BEC}.Release|x86.Build.0 = Release|Any CPU
		{6825E648-24BB-4166-A884-F824AFD3C09A}.Debug|Any CPU.ActiveCfg = Debug|Any CPU
		{6825E648-24BB-4166-A884-F824AFD3C09A}.Debug|Any CPU.Build.0 = Debug|Any CPU
		{6825E648-24BB-4166-A884-F824AFD3C09A}.Debug|x64.ActiveCfg = Debug|Any CPU
		{6825E648-24BB-4166-A884-F824AFD3C09A}.Debug|x64.Build.0 = Debug|Any CPU
		{6825E648-24BB-4166-A884-F824AFD3C09A}.Debug|x86.ActiveCfg = Debug|Any CPU
		{6825E648-24BB-4166-A884-F824AFD3C09A}.Debug|x86.Build.0 = Debug|Any CPU
		{6825E648-24BB-4166-A884-F824AFD3C09A}.Release|Any CPU.ActiveCfg = Release|Any CPU
		{6825E648-24BB-4166-A884-F824AFD3C09A}.Release|Any CPU.Build.0 = Release|Any CPU
		{6825E648-24BB-4166-A884-F824AFD3C09A}.Release|x64.ActiveCfg = Release|Any CPU
		{6825E648-24BB-4166-A884-F824AFD3C09A}.Release|x64.Build.0 = Release|Any CPU
		{6825E648-24BB-4166-A884-F824AFD3C09A}.Release|x86.ActiveCfg = Release|Any CPU
		{6825E648-24BB-4166-A884-F824AFD3C09A}.Release|x86.Build.0 = Release|Any CPU
		{17A0F51F-CD18-4023-83E4-71168B700D8A}.Debug|Any CPU.ActiveCfg = Debug|Any CPU
		{17A0F51F-CD18-4023-83E4-71168B700D8A}.Debug|Any CPU.Build.0 = Debug|Any CPU
		{17A0F51F-CD18-4023-83E4-71168B700D8A}.Debug|x64.ActiveCfg = Debug|Any CPU
		{17A0F51F-CD18-4023-83E4-71168B700D8A}.Debug|x64.Build.0 = Debug|Any CPU
		{17A0F51F-CD18-4023-83E4-71168B700D8A}.Debug|x86.ActiveCfg = Debug|Any CPU
		{17A0F51F-CD18-4023-83E4-71168B700D8A}.Debug|x86.Build.0 = Debug|Any CPU
		{17A0F51F-CD18-4023-83E4-71168B700D8A}.Release|Any CPU.ActiveCfg = Release|Any CPU
		{17A0F51F-CD18-4023-83E4-71168B700D8A}.Release|Any CPU.Build.0 = Release|Any CPU
		{17A0F51F-CD18-4023-83E4-71168B700D8A}.Release|x64.ActiveCfg = Release|Any CPU
		{17A0F51F-CD18-4023-83E4-71168B700D8A}.Release|x64.Build.0 = Release|Any CPU
		{17A0F51F-CD18-4023-83E4-71168B700D8A}.Release|x86.ActiveCfg = Release|Any CPU
		{17A0F51F-CD18-4023-83E4-71168B700D8A}.Release|x86.Build.0 = Release|Any CPU
		{264B05CB-CDCB-4DED-8AD5-06E31D8C4B83}.Debug|Any CPU.ActiveCfg = Debug|Any CPU
		{264B05CB-CDCB-4DED-8AD5-06E31D8C4B83}.Debug|Any CPU.Build.0 = Debug|Any CPU
		{264B05CB-CDCB-4DED-8AD5-06E31D8C4B83}.Debug|x64.ActiveCfg = Debug|Any CPU
		{264B05CB-CDCB-4DED-8AD5-06E31D8C4B83}.Debug|x64.Build.0 = Debug|Any CPU
		{264B05CB-CDCB-4DED-8AD5-06E31D8C4B83}.Debug|x86.ActiveCfg = Debug|Any CPU
		{264B05CB-CDCB-4DED-8AD5-06E31D8C4B83}.Debug|x86.Build.0 = Debug|Any CPU
		{264B05CB-CDCB-4DED-8AD5-06E31D8C4B83}.Release|Any CPU.ActiveCfg = Release|Any CPU
		{264B05CB-CDCB-4DED-8AD5-06E31D8C4B83}.Release|Any CPU.Build.0 = Release|Any CPU
		{264B05CB-CDCB-4DED-8AD5-06E31D8C4B83}.Release|x64.ActiveCfg = Release|Any CPU
		{264B05CB-CDCB-4DED-8AD5-06E31D8C4B83}.Release|x64.Build.0 = Release|Any CPU
		{264B05CB-CDCB-4DED-8AD5-06E31D8C4B83}.Release|x86.ActiveCfg = Release|Any CPU
		{264B05CB-CDCB-4DED-8AD5-06E31D8C4B83}.Release|x86.Build.0 = Release|Any CPU
	EndGlobalSection
	GlobalSection(SolutionProperties) = preSolution
		HideSolutionNode = FALSE
	EndGlobalSection
	GlobalSection(NestedProjects) = preSolution
		{FD85348D-34D9-4B70-B06B-9DA70B8BE190} = {827E0CD3-B72D-47B6-A68D-7590B98EB39B}
		{61DCAE95-7E33-4079-B0EB-15893EE4F62D} = {827E0CD3-B72D-47B6-A68D-7590B98EB39B}
		{6A7880E0-99B2-4B8A-A4BD-6DC57FCF37BF} = {827E0CD3-B72D-47B6-A68D-7590B98EB39B}
		{01CE86AA-6259-4A9B-A1C2-C5EB0F2A0BEC} = {827E0CD3-B72D-47B6-A68D-7590B98EB39B}
		{6825E648-24BB-4166-A884-F824AFD3C09A} = {0AB3BF05-4346-4AA6-1389-037BE0695223}
		{17A0F51F-CD18-4023-83E4-71168B700D8A} = {0AB3BF05-4346-4AA6-1389-037BE0695223}
		{264B05CB-CDCB-4DED-8AD5-06E31D8C4B83} = {0AB3BF05-4346-4AA6-1389-037BE0695223}
	EndGlobalSection
EndGlobal
